github.com/davecgh/go-spew v1.1.1 h1:vj9j/u1bqnvCEfJOwUhtlOARqs3+rkHYY13jYWTU97c=
github.com/davecgh/go-spew v1.1.1/go.mod h1:J7Y8YcW2NihsgmVo/mv3lAwl/skON4iLHjSsI+c5H38=
github.com/stevegt/fuzzy v0.0.0-20241109214731-08c5a58ace44 h1:JsxbJ9M1P331wQeBfzSR3YR4i4RMKxCoyoYMGyCq7yE=
github.com/stevegt/fuzzy v0.0.0-20241109214731-08c5a58ace44/go.mod h1:2er/JERp6xkuxCFecO7b9Axl2H+M7mtEHigrqv3wIZQ=
